
Microsoft Visual Studio Solution File, Format Version 12.00
# Visual Studio Version 17
VisualStudioVersion = 17.3.32922.545
MinimumVisualStudioVersion = 10.0.40219.1
Project("{9A19103F-16F7-4668-BE54-9A1E7A4F7556}") = "Book.Client", "BookManagement\Book.Client.csproj", "{E995EBED-0A26-4625-9FD2-7E28E0B3B8C0}"
EndProject
Project("{FAE04EC0-301F-11D3-BF4B-00C04F79EFBC}") = "Book.Infrastructure", "EnterpriseLibrary\Book.Infrastructure.csproj", "{B93275CF-C209-4F23-AC3A-ACEB5EDFCAF7}"
EndProject
Project("{FAE04EC0-301F-11D3-BF4B-00C04F79EFBC}") = "Book.Business", "Business\Book.Business.csproj", "{7EB72F99-1CDD-4A55-A1B4-E332831A3D6B}"
EndProject
Project("{FAE04EC0-301F-11D3-BF4B-00C04F79EFBC}") = "Book.Models", "Book.Models\Book.Models.csproj", "{172EC904-E2FB-4EF4-9A55-79734A7C5A74}"
EndProject
Global
	GlobalSection(SolutionConfigurationPlatforms) = preSolution
		Debug|Any CPU = Debug|Any CPU
		Release|Any CPU = Release|Any CPU
	EndGlobalSection
	GlobalSection(ProjectConfigurationPlatforms) = postSolution
		{E995EBED-0A26-4625-9FD2-7E28E0B3B8C0}.Debug|Any CPU.ActiveCfg = Debug|Any CPU
		{E995EBED-0A26-4625-9FD2-7E28E0B3B8C0}.Debug|Any CPU.Build.0 = Debug|Any CPU
		{E995EBED-0A26-4625-9FD2-7E28E0B3B8C0}.Release|Any CPU.ActiveCfg = Release|Any CPU
		{E995EBED-0A26-4625-9FD2-7E28E0B3B8C0}.Release|Any CPU.Build.0 = Release|Any CPU
		{B93275CF-C209-4F23-AC3A-ACEB5EDFCAF7}.Debug|Any CPU.ActiveCfg = Debug|Any CPU
		{B93275CF-C209-4F23-AC3A-ACEB5EDFCAF7}.Debug|Any CPU.Build.0 = Debug|Any CPU
		{B93275CF-C209-4F23-AC3A-ACEB5EDFCAF7}.Release|Any CPU.ActiveCfg = Release|Any CPU
		{B93275CF-C209-4F23-AC3A-ACEB5EDFCAF7}.Release|Any CPU.Build.0 = Release|Any CPU
		{7EB72F99-1CDD-4A55-A1B4-E332831A3D6B}.Debug|Any CPU.ActiveCfg = Debug|Any CPU
		{7EB72F99-1CDD-4A55-A1B4-E332831A3D6B}.Debug|Any CPU.Build.0 = Debug|Any CPU
		{7EB72F99-1CDD-4A55-A1B4-E332831A3D6B}.Release|Any CPU.ActiveCfg = Release|Any CPU
		{7EB72F99-1CDD-4A55-A1B4-E332831A3D6B}.Release|Any CPU.Build.0 = Release|Any CPU
		{172EC904-E2FB-4EF4-9A55-79734A7C5A74}.Debug|Any CPU.ActiveCfg = Debug|Any CPU
		{172EC904-E2FB-4EF4-9A55-79734A7C5A74}.Debug|Any CPU.Build.0 = Debug|Any CPU
		{172EC904-E2FB-4EF4-9A55-79734A7C5A74}.Release|Any CPU.ActiveCfg = Release|Any CPU
		{172EC904-E2FB-4EF4-9A55-79734A7C5A74}.Release|Any CPU.Build.0 = Release|Any CPU
	EndGlobalSection
	GlobalSection(SolutionProperties) = preSolution
		HideSolutionNode = FALSE
	EndGlobalSection
	GlobalSection(ExtensibilityGlobals) = postSolution
		SolutionGuid = {ED15377E-8774-4AE3-8972-5B77868B7A69}
	EndGlobalSection
EndGlobal
