
Microsoft Visual Studio Solution File, Format Version 12.00
# Visual Studio Version 17
VisualStudioVersion = 17.3.32922.545
MinimumVisualStudioVersion = 10.0.40219.1
Project("{9A19103F-16F7-4668-BE54-9A1E7A4F7556}") = "Book.Models", "Book.Models\Book.Models.csproj", "{172EC904-E2FB-4EF4-9A55-79734A7C5A74}"
EndProject
Project("{9A19103F-16F7-4668-BE54-9A1E7A4F7556}") = "Book.Business", "Book.Business\Book.Business.csproj", "{B9B14294-F1CC-4B25-A5CC-8291AA65B1D8}"
EndProject
Project("{9A19103F-16F7-4668-BE54-9A1E7A4F7556}") = "Book.Client", "Book.Client\Book.Client.csproj", "{D316A023-2E1F-4D21-8659-B40DB77CEC2A}"
EndProject
Project("{9A19103F-16F7-4668-BE54-9A1E7A4F7556}") = "Book.Infrastructure", "Book.Infrastructure\Book.Infrastructure.csproj", "{34F71038-70F1-4D76-8462-2ABA50E82D1C}"
EndProject
Project("{00D1A9C2-B5F0-4AF3-8072-F6C62B433612}") = "Book.Database", "Book.Database\Book.Database.sqlproj", "{682F3C39-FFB1-48CC-A7C4-9A6D6959AD48}"
EndProject
Global
	GlobalSection(SolutionConfigurationPlatforms) = preSolution
		Debug|Any CPU = Debug|Any CPU
		Release|Any CPU = Release|Any CPU
	EndGlobalSection
	GlobalSection(ProjectConfigurationPlatforms) = postSolution
		{172EC904-E2FB-4EF4-9A55-79734A7C5A74}.Debug|Any CPU.ActiveCfg = Debug|Any CPU
		{172EC904-E2FB-4EF4-9A55-79734A7C5A74}.Debug|Any CPU.Build.0 = Debug|Any CPU
		{172EC904-E2FB-4EF4-9A55-79734A7C5A74}.Release|Any CPU.ActiveCfg = Release|Any CPU
		{172EC904-E2FB-4EF4-9A55-79734A7C5A74}.Release|Any CPU.Build.0 = Release|Any CPU
		{B9B14294-F1CC-4B25-A5CC-8291AA65B1D8}.Debug|Any CPU.ActiveCfg = Debug|Any CPU
		{B9B14294-F1CC-4B25-A5CC-8291AA65B1D8}.Debug|Any CPU.Build.0 = Debug|Any CPU
		{B9B14294-F1CC-4B25-A5CC-8291AA65B1D8}.Release|Any CPU.ActiveCfg = Release|Any CPU
		{B9B14294-F1CC-4B25-A5CC-8291AA65B1D8}.Release|Any CPU.Build.0 = Release|Any CPU
		{D316A023-2E1F-4D21-8659-B40DB77CEC2A}.Debug|Any CPU.ActiveCfg = Debug|Any CPU
		{D316A023-2E1F-4D21-8659-B40DB77CEC2A}.Debug|Any CPU.Build.0 = Debug|Any CPU
		{D316A023-2E1F-4D21-8659-B40DB77CEC2A}.Release|Any CPU.ActiveCfg = Release|Any CPU
		{D316A023-2E1F-4D21-8659-B40DB77CEC2A}.Release|Any CPU.Build.0 = Release|Any CPU
		{34F71038-70F1-4D76-8462-2ABA50E82D1C}.Debug|Any CPU.ActiveCfg = Debug|Any CPU
		{34F71038-70F1-4D76-8462-2ABA50E82D1C}.Debug|Any CPU.Build.0 = Debug|Any CPU
		{34F71038-70F1-4D76-8462-2ABA50E82D1C}.Release|Any CPU.ActiveCfg = Release|Any CPU
		{34F71038-70F1-4D76-8462-2ABA50E82D1C}.Release|Any CPU.Build.0 = Release|Any CPU
		{682F3C39-FFB1-48CC-A7C4-9A6D6959AD48}.Debug|Any CPU.ActiveCfg = Debug|Any CPU
		{682F3C39-FFB1-48CC-A7C4-9A6D6959AD48}.Debug|Any CPU.Build.0 = Debug|Any CPU
		{682F3C39-FFB1-48CC-A7C4-9A6D6959AD48}.Debug|Any CPU.Deploy.0 = Debug|Any CPU
		{682F3C39-FFB1-48CC-A7C4-9A6D6959AD48}.Release|Any CPU.ActiveCfg = Release|Any CPU
		{682F3C39-FFB1-48CC-A7C4-9A6D6959AD48}.Release|Any CPU.Build.0 = Release|Any CPU
		{682F3C39-FFB1-48CC-A7C4-9A6D6959AD48}.Release|Any CPU.Deploy.0 = Release|Any CPU
	EndGlobalSection
	GlobalSection(SolutionProperties) = preSolution
		HideSolutionNode = FALSE
	EndGlobalSection
	GlobalSection(ExtensibilityGlobals) = postSolution
		SolutionGuid = {ED15377E-8774-4AE3-8972-5B77868B7A69}
	EndGlobalSection
EndGlobal
